<?xml version="1.0" encoding="utf-8"?>
<Project ToolsVersion="17.0" xmlns="http://schemas.microsoft.com/developer/msbuild/2003">
  <ItemGroup>
    <CustomBuild Include="C:\Games_Eng_Builds\CMakeFiles\7e9b3ffb9bdf825bb73964739eb6c145\INSTALL_force.rule">
      <Filter>CMake Rules</Filter>
    </CustomBuild>
  </ItemGroup>
  <ItemGroup>
    <Filter Include="CMake Rules">
      <UniqueIdentifier>{D7A502DA-960F-31FD-9066-92C1BCEAA5C2}</UniqueIdentifier>
    </Filter>
  </ItemGroup>
</Project>
