
Microsoft Visual Studio Solution File, Format Version 12.00
# Visual Studio Version 17
Project("{2150E333-8FDC-42A3-9474-1A3956D46DE8}") = "CMake", "CMake", "{6B6F2B4B-FFC9-3351-B162-DB47A5D10339}"
EndProject
Project("{2150E333-8FDC-42A3-9474-1A3956D46DE8}") = "SFML", "SFML", "{F3F57010-3C05-3A93-86CD-5D9E4E52EFDE}"
EndProject
Project("{8BC9CEB8-8B4A-11D0-8D11-00A0C91BC942}") = "ALL_BUILD", "ALL_BUILD.vcxproj", "{30BCAD50-D999-334C-80F7-0ABA3C00D4DA}"
	ProjectSection(ProjectDependencies) = postProject
		{107CF417-3595-3C93-8DA0-C09B53EF46CD} = {107CF417-3595-3C93-8DA0-C09B53EF46CD}
		{6C4C8970-7B8B-3DFB-A866-F67333925213} = {6C4C8970-7B8B-3DFB-A866-F67333925213}
		{47675C73-7D93-32A0-B552-838EDB40BD55} = {47675C73-7D93-32A0-B552-838EDB40BD55}
		{8CA6BBE5-F89E-31FE-9C24-3BD92B57A1C0} = {8CA6BBE5-F89E-31FE-9C24-3BD92B57A1C0}
		{00211034-86B1-3B38-9949-ACBF8C2E0FB2} = {00211034-86B1-3B38-9949-ACBF8C2E0FB2}
		{F5D3BE75-F65B-3404-859E-9362FFB54580} = {F5D3BE75-F65B-3404-859E-9362FFB54580}
		{FB9099C7-7B2E-3963-9F95-39664569D027} = {FB9099C7-7B2E-3963-9F95-39664569D027}
	EndProjectSection
EndProject
Project("{8BC9CEB8-8B4A-11D0-8D11-00A0C91BC942}") = "INSTALL", "INSTALL.vcxproj", "{768EA91A-08A8-3964-9F22-4FD2041F4E8B}"
	ProjectSection(ProjectDependencies) = postProject
		{30BCAD50-D999-334C-80F7-0ABA3C00D4DA} = {30BCAD50-D999-334C-80F7-0ABA3C00D4DA}
		{107CF417-3595-3C93-8DA0-C09B53EF46CD} = {107CF417-3595-3C93-8DA0-C09B53EF46CD}
	EndProjectSection
EndProject
Project("{8BC9CEB8-8B4A-11D0-8D11-00A0C91BC942}") = "PACKAGE", "PACKAGE.vcxproj", "{9A1A6020-ECE2-3720-A587-5D453A536B74}"
	ProjectSection(ProjectDependencies) = postProject
		{30BCAD50-D999-334C-80F7-0ABA3C00D4DA} = {30BCAD50-D999-334C-80F7-0ABA3C00D4DA}
		{107CF417-3595-3C93-8DA0-C09B53EF46CD} = {107CF417-3595-3C93-8DA0-C09B53EF46CD}
	EndProjectSection
EndProject
Project("{8BC9CEB8-8B4A-11D0-8D11-00A0C91BC942}") = "ZERO_CHECK", "..\..\\ZERO_CHECK.vcxproj", "{107CF417-3595-3C93-8DA0-C09B53EF46CD}"
	ProjectSection(ProjectDependencies) = postProject
	EndProjectSection
EndProject
Project("{8BC9CEB8-8B4A-11D0-8D11-00A0C91BC942}") = "sfml-audio", "src\SFML\Audio\sfml-audio.vcxproj", "{6C4C8970-7B8B-3DFB-A866-F67333925213}"
	ProjectSection(ProjectDependencies) = postProject
		{107CF417-3595-3C93-8DA0-C09B53EF46CD} = {107CF417-3595-3C93-8DA0-C09B53EF46CD}
		{F5D3BE75-F65B-3404-859E-9362FFB54580} = {F5D3BE75-F65B-3404-859E-9362FFB54580}
	EndProjectSection
EndProject
Project("{8BC9CEB8-8B4A-11D0-8D11-00A0C91BC942}") = "sfml-graphics", "src\SFML\Graphics\sfml-graphics.vcxproj", "{47675C73-7D93-32A0-B552-838EDB40BD55}"
	ProjectSection(ProjectDependencies) = postProject
		{107CF417-3595-3C93-8DA0-C09B53EF46CD} = {107CF417-3595-3C93-8DA0-C09B53EF46CD}
		{F5D3BE75-F65B-3404-859E-9362FFB54580} = {F5D3BE75-F65B-3404-859E-9362FFB54580}
		{FB9099C7-7B2E-3963-9F95-39664569D027} = {FB9099C7-7B2E-3963-9F95-39664569D027}
	EndProjectSection
EndProject
Project("{8BC9CEB8-8B4A-11D0-8D11-00A0C91BC942}") = "sfml-main", "src\SFML\Main\sfml-main.vcxproj", "{8CA6BBE5-F89E-31FE-9C24-3BD92B57A1C0}"
	ProjectSection(ProjectDependencies) = postProject
		{107CF417-3595-3C93-8DA0-C09B53EF46CD} = {107CF417-3595-3C93-8DA0-C09B53EF46CD}
	EndProjectSection
EndProject
Project("{8BC9CEB8-8B4A-11D0-8D11-00A0C91BC942}") = "sfml-network", "src\SFML\Network\sfml-network.vcxproj", "{00211034-86B1-3B38-9949-ACBF8C2E0FB2}"
	ProjectSection(ProjectDependencies) = postProject
		{107CF417-3595-3C93-8DA0-C09B53EF46CD} = {107CF417-3595-3C93-8DA0-C09B53EF46CD}
		{F5D3BE75-F65B-3404-859E-9362FFB54580} = {F5D3BE75-F65B-3404-859E-9362FFB54580}
	EndProjectSection
EndProject
Project("{8BC9CEB8-8B4A-11D0-8D11-00A0C91BC942}") = "sfml-system", "src\SFML\System\sfml-system.vcxproj", "{F5D3BE75-F65B-3404-859E-9362FFB54580}"
	ProjectSection(ProjectDependencies) = postProject
		{107CF417-3595-3C93-8DA0-C09B53EF46CD} = {107CF417-3595-3C93-8DA0-C09B53EF46CD}
	EndProjectSection
EndProject
Project("{8BC9CEB8-8B4A-11D0-8D11-00A0C91BC942}") = "sfml-window", "src\SFML\Window\sfml-window.vcxproj", "{FB9099C7-7B2E-3963-9F95-39664569D027}"
	ProjectSection(ProjectDependencies) = postProject
		{107CF417-3595-3C93-8DA0-C09B53EF46CD} = {107CF417-3595-3C93-8DA0-C09B53EF46CD}
		{F5D3BE75-F65B-3404-859E-9362FFB54580} = {F5D3BE75-F65B-3404-859E-9362FFB54580}
	EndProjectSection
EndProject
Global
	GlobalSection(SolutionConfigurationPlatforms) = preSolution
		Debug|x64 = Debug|x64
		Release|x64 = Release|x64
		MinSizeRel|x64 = MinSizeRel|x64
		RelWithDebInfo|x64 = RelWithDebInfo|x64
	EndGlobalSection
	GlobalSection(ProjectConfigurationPlatforms) = postSolution
		{30BCAD50-D999-334C-80F7-0ABA3C00D4DA}.Debug|x64.ActiveCfg = Debug|x64
		{30BCAD50-D999-334C-80F7-0ABA3C00D4DA}.Debug|x64.Build.0 = Debug|x64
		{30BCAD50-D999-334C-80F7-0ABA3C00D4DA}.Release|x64.ActiveCfg = Release|x64
		{30BCAD50-D999-334C-80F7-0ABA3C00D4DA}.Release|x64.Build.0 = Release|x64
		{30BCAD50-D999-334C-80F7-0ABA3C00D4DA}.MinSizeRel|x64.ActiveCfg = MinSizeRel|x64
		{30BCAD50-D999-334C-80F7-0ABA3C00D4DA}.MinSizeRel|x64.Build.0 = MinSizeRel|x64
		{30BCAD50-D999-334C-80F7-0ABA3C00D4DA}.RelWithDebInfo|x64.ActiveCfg = RelWithDebInfo|x64
		{30BCAD50-D999-334C-80F7-0ABA3C00D4DA}.RelWithDebInfo|x64.Build.0 = RelWithDebInfo|x64
		{768EA91A-08A8-3964-9F22-4FD2041F4E8B}.Debug|x64.ActiveCfg = Debug|x64
		{768EA91A-08A8-3964-9F22-4FD2041F4E8B}.Release|x64.ActiveCfg = Release|x64
		{768EA91A-08A8-3964-9F22-4FD2041F4E8B}.MinSizeRel|x64.ActiveCfg = MinSizeRel|x64
		{768EA91A-08A8-3964-9F22-4FD2041F4E8B}.RelWithDebInfo|x64.ActiveCfg = RelWithDebInfo|x64
		{9A1A6020-ECE2-3720-A587-5D453A536B74}.Debug|x64.ActiveCfg = Debug|x64
		{9A1A6020-ECE2-3720-A587-5D453A536B74}.Release|x64.ActiveCfg = Release|x64
		{9A1A6020-ECE2-3720-A587-5D453A536B74}.MinSizeRel|x64.ActiveCfg = MinSizeRel|x64
		{9A1A6020-ECE2-3720-A587-5D453A536B74}.RelWithDebInfo|x64.ActiveCfg = RelWithDebInfo|x64
		{107CF417-3595-3C93-8DA0-C09B53EF46CD}.Debug|x64.ActiveCfg = Debug|x64
		{107CF417-3595-3C93-8DA0-C09B53EF46CD}.Debug|x64.Build.0 = Debug|x64
		{107CF417-3595-3C93-8DA0-C09B53EF46CD}.Release|x64.ActiveCfg = Release|x64
		{107CF417-3595-3C93-8DA0-C09B53EF46CD}.Release|x64.Build.0 = Release|x64
		{107CF417-3595-3C93-8DA0-C09B53EF46CD}.MinSizeRel|x64.ActiveCfg = MinSizeRel|x64
		{107CF417-3595-3C93-8DA0-C09B53EF46CD}.MinSizeRel|x64.Build.0 = MinSizeRel|x64
		{107CF417-3595-3C93-8DA0-C09B53EF46CD}.RelWithDebInfo|x64.ActiveCfg = RelWithDebInfo|x64
		{107CF417-3595-3C93-8DA0-C09B53EF46CD}.RelWithDebInfo|x64.Build.0 = RelWithDebInfo|x64
		{6C4C8970-7B8B-3DFB-A866-F67333925213}.Debug|x64.ActiveCfg = Debug|x64
		{6C4C8970-7B8B-3DFB-A866-F67333925213}.Debug|x64.Build.0 = Debug|x64
		{6C4C8970-7B8B-3DFB-A866-F67333925213}.Release|x64.ActiveCfg = Release|x64
		{6C4C8970-7B8B-3DFB-A866-F67333925213}.Release|x64.Build.0 = Release|x64
		{6C4C8970-7B8B-3DFB-A866-F67333925213}.MinSizeRel|x64.ActiveCfg = MinSizeRel|x64
		{6C4C8970-7B8B-3DFB-A866-F67333925213}.MinSizeRel|x64.Build.0 = MinSizeRel|x64
		{6C4C8970-7B8B-3DFB-A866-F67333925213}.RelWithDebInfo|x64.ActiveCfg = RelWithDebInfo|x64
		{6C4C8970-7B8B-3DFB-A866-F67333925213}.RelWithDebInfo|x64.Build.0 = RelWithDebInfo|x64
		{47675C73-7D93-32A0-B552-838EDB40BD55}.Debug|x64.ActiveCfg = Debug|x64
		{47675C73-7D93-32A0-B552-838EDB40BD55}.Debug|x64.Build.0 = Debug|x64
		{47675C73-7D93-32A0-B552-838EDB40BD55}.Release|x64.ActiveCfg = Release|x64
		{47675C73-7D93-32A0-B552-838EDB40BD55}.Release|x64.Build.0 = Release|x64
		{47675C73-7D93-32A0-B552-838EDB40BD55}.MinSizeRel|x64.ActiveCfg = MinSizeRel|x64
		{47675C73-7D93-32A0-B552-838EDB40BD55}.MinSizeRel|x64.Build.0 = MinSizeRel|x64
		{47675C73-7D93-32A0-B552-838EDB40BD55}.RelWithDebInfo|x64.ActiveCfg = RelWithDebInfo|x64
		{47675C73-7D93-32A0-B552-838EDB40BD55}.RelWithDebInfo|x64.Build.0 = RelWithDebInfo|x64
		{8CA6BBE5-F89E-31FE-9C24-3BD92B57A1C0}.Debug|x64.ActiveCfg = Debug|x64
		{8CA6BBE5-F89E-31FE-9C24-3BD92B57A1C0}.Debug|x64.Build.0 = Debug|x64
		{8CA6BBE5-F89E-31FE-9C24-3BD92B57A1C0}.Release|x64.ActiveCfg = Release|x64
		{8CA6BBE5-F89E-31FE-9C24-3BD92B57A1C0}.Release|x64.Build.0 = Release|x64
		{8CA6BBE5-F89E-31FE-9C24-3BD92B57A1C0}.MinSizeRel|x64.ActiveCfg = MinSizeRel|x64
		{8CA6BBE5-F89E-31FE-9C24-3BD92B57A1C0}.MinSizeRel|x64.Build.0 = MinSizeRel|x64
		{8CA6BBE5-F89E-31FE-9C24-3BD92B57A1C0}.RelWithDebInfo|x64.ActiveCfg = RelWithDebInfo|x64
		{8CA6BBE5-F89E-31FE-9C24-3BD92B57A1C0}.RelWithDebInfo|x64.Build.0 = RelWithDebInfo|x64
		{00211034-86B1-3B38-9949-ACBF8C2E0FB2}.Debug|x64.ActiveCfg = Debug|x64
		{00211034-86B1-3B38-9949-ACBF8C2E0FB2}.Debug|x64.Build.0 = Debug|x64
		{00211034-86B1-3B38-9949-ACBF8C2E0FB2}.Release|x64.ActiveCfg = Release|x64
		{00211034-86B1-3B38-9949-ACBF8C2E0FB2}.Release|x64.Build.0 = Release|x64
		{00211034-86B1-3B38-9949-ACBF8C2E0FB2}.MinSizeRel|x64.ActiveCfg = MinSizeRel|x64
		{00211034-86B1-3B38-9949-ACBF8C2E0FB2}.MinSizeRel|x64.Build.0 = MinSizeRel|x64
		{00211034-86B1-3B38-9949-ACBF8C2E0FB2}.RelWithDebInfo|x64.ActiveCfg = RelWithDebInfo|x64
		{00211034-86B1-3B38-9949-ACBF8C2E0FB2}.RelWithDebInfo|x64.Build.0 = RelWithDebInfo|x64
		{F5D3BE75-F65B-3404-859E-9362FFB54580}.Debug|x64.ActiveCfg = Debug|x64
		{F5D3BE75-F65B-3404-859E-9362FFB54580}.Debug|x64.Build.0 = Debug|x64
		{F5D3BE75-F65B-3404-859E-9362FFB54580}.Release|x64.ActiveCfg = Release|x64
		{F5D3BE75-F65B-3404-859E-9362FFB54580}.Release|x64.Build.0 = Release|x64
		{F5D3BE75-F65B-3404-859E-9362FFB54580}.MinSizeRel|x64.ActiveCfg = MinSizeRel|x64
		{F5D3BE75-F65B-3404-859E-9362FFB54580}.MinSizeRel|x64.Build.0 = MinSizeRel|x64
		{F5D3BE75-F65B-3404-859E-9362FFB54580}.RelWithDebInfo|x64.ActiveCfg = RelWithDebInfo|x64
		{F5D3BE75-F65B-3404-859E-9362FFB54580}.RelWithDebInfo|x64.Build.0 = RelWithDebInfo|x64
		{FB9099C7-7B2E-3963-9F95-39664569D027}.Debug|x64.ActiveCfg = Debug|x64
		{FB9099C7-7B2E-3963-9F95-39664569D027}.Debug|x64.Build.0 = Debug|x64
		{FB9099C7-7B2E-3963-9F95-39664569D027}.Release|x64.ActiveCfg = Release|x64
		{FB9099C7-7B2E-3963-9F95-39664569D027}.Release|x64.Build.0 = Release|x64
		{FB9099C7-7B2E-3963-9F95-39664569D027}.MinSizeRel|x64.ActiveCfg = MinSizeRel|x64
		{FB9099C7-7B2E-3963-9F95-39664569D027}.MinSizeRel|x64.Build.0 = MinSizeRel|x64
		{FB9099C7-7B2E-3963-9F95-39664569D027}.RelWithDebInfo|x64.ActiveCfg = RelWithDebInfo|x64
		{FB9099C7-7B2E-3963-9F95-39664569D027}.RelWithDebInfo|x64.Build.0 = RelWithDebInfo|x64
	EndGlobalSection
	GlobalSection(NestedProjects) = preSolution
		{30BCAD50-D999-334C-80F7-0ABA3C00D4DA} = {6B6F2B4B-FFC9-3351-B162-DB47A5D10339}
		{768EA91A-08A8-3964-9F22-4FD2041F4E8B} = {6B6F2B4B-FFC9-3351-B162-DB47A5D10339}
		{9A1A6020-ECE2-3720-A587-5D453A536B74} = {6B6F2B4B-FFC9-3351-B162-DB47A5D10339}
		{107CF417-3595-3C93-8DA0-C09B53EF46CD} = {6B6F2B4B-FFC9-3351-B162-DB47A5D10339}
		{6C4C8970-7B8B-3DFB-A866-F67333925213} = {F3F57010-3C05-3A93-86CD-5D9E4E52EFDE}
		{47675C73-7D93-32A0-B552-838EDB40BD55} = {F3F57010-3C05-3A93-86CD-5D9E4E52EFDE}
		{8CA6BBE5-F89E-31FE-9C24-3BD92B57A1C0} = {F3F57010-3C05-3A93-86CD-5D9E4E52EFDE}
		{00211034-86B1-3B38-9949-ACBF8C2E0FB2} = {F3F57010-3C05-3A93-86CD-5D9E4E52EFDE}
		{F5D3BE75-F65B-3404-859E-9362FFB54580} = {F3F57010-3C05-3A93-86CD-5D9E4E52EFDE}
		{FB9099C7-7B2E-3963-9F95-39664569D027} = {F3F57010-3C05-3A93-86CD-5D9E4E52EFDE}
	EndGlobalSection
	GlobalSection(ExtensibilityGlobals) = postSolution
		SolutionGuid = {F2F94748-6E7B-387A-8A47-6886CE84980B}
	EndGlobalSection
	GlobalSection(ExtensibilityAddIns) = postSolution
	EndGlobalSection
EndGlobal
