<?xml version="1.0" encoding="utf-8"?>
<Project ToolsVersion="17.0" xmlns="http://schemas.microsoft.com/developer/msbuild/2003">
  <ItemGroup>
    <ClCompile Include="C:\Users\danfe\source\repos\Games-Engineering\pong\main.cpp">
      <Filter>Source Files</Filter>
    </ClCompile>
  </ItemGroup>
  <ItemGroup>
    <CustomBuild Include="C:\Users\danfe\source\repos\Games-Engineering\CMakelists.txt" />
  </ItemGroup>
  <ItemGroup>
    <Filter Include="Source Files">
      <UniqueIdentifier>{E2C2C19C-E768-38F2-85CC-09A5BE51E180}</UniqueIdentifier>
    </Filter>
  </ItemGroup>
</Project>
